// !$*UTF8*$!
{
	archiveVersion = 1;
	classes = {
	};
	objectVersion = 46;
	objects = {

/* Begin PBXBuildFile section */
		92591A4B1B2FC65D0096C04F /* AudioToolbox.framework in Frameworks */ = {isa = PBXBuildFile; fileRef = 92591A4A1B2FC65D0096C04F /* AudioToolbox.framework */; };
		92591A501B301F410096C04F /* girl_smile.wav in Resources */ = {isa = PBXBuildFile; fileRef = 92591A4F1B301F410096C04F /* girl_smile.wav */; };
		92591A521B3020800096C04F /* shuqing.wav in Resources */ = {isa = PBXBuildFile; fileRef = 92591A511B3020800096C04F /* shuqing.wav */; };
		92591A571B3020E40096C04F /* game1.mp3 in Resources */ = {isa = PBXBuildFile; fileRef = 92591A531B3020E40096C04F /* game1.mp3 */; };
		92591A581B3020E40096C04F /* game2.mp3 in Resources */ = {isa = PBXBuildFile; fileRef = 92591A541B3020E40096C04F /* game2.mp3 */; };
		92591A591B3020E40096C04F /* game3.mp3 in Resources */ = {isa = PBXBuildFile; fileRef = 92591A551B3020E40096C04F /* game3.mp3 */; };
		92591A5A1B3020E40096C04F /* game4.mp3 in Resources */ = {isa = PBXBuildFile; fileRef = 92591A561B3020E40096C04F /* game4.mp3 */; };
		92654A991B298F4100CFF248 /* main.m in Sources */ = {isa = PBXBuildFile; fileRef = 92654A981B298F4100CFF248 /* main.m */; };
		92654A9C1B298F4100CFF248 /* AppDelegate.m in Sources */ = {isa = PBXBuildFile; fileRef = 92654A9B1B298F4100CFF248 /* AppDelegate.m */; };
		92654A9F1B298F4100CFF248 /* MainController.m in Sources */ = {isa = PBXBuildFile; fileRef = 92654A9E1B298F4100CFF248 /* MainController.m */; };
		92654AA41B298F4100CFF248 /* Images.xcassets in Resources */ = {isa = PBXBuildFile; fileRef = 92654AA31B298F4100CFF248 /* Images.xcassets */; };
		92654AB31B298F4100CFF248 /* guaguaTests.m in Sources */ = {isa = PBXBuildFile; fileRef = 92654AB21B298F4100CFF248 /* guaguaTests.m */; };
		92654ABE1B298FB000CFF248 /* PLLScrathView.m in Sources */ = {isa = PBXBuildFile; fileRef = 92654ABD1B298FB000CFF248 /* PLLScrathView.m */; };
		92654AC31B29924800CFF248 /* Default-568h@2x.png in Resources */ = {isa = PBXBuildFile; fileRef = 92654AC01B29924800CFF248 /* Default-568h@2x.png */; };
		92654AC41B29924800CFF248 /* Default.png in Resources */ = {isa = PBXBuildFile; fileRef = 92654AC11B29924800CFF248 /* Default.png */; };
		92654AC51B29924800CFF248 /* Default@2x.png in Resources */ = {isa = PBXBuildFile; fileRef = 92654AC21B29924800CFF248 /* Default@2x.png */; };
		92654ACD1B2ADF0700CFF248 /* MultiMutableArray.m in Sources */ = {isa = PBXBuildFile; fileRef = 92654ACC1B2ADF0700CFF248 /* MultiMutableArray.m */; };
		92654AD01B2AEBEB00CFF248 /* selectCharacterViewController.m in Sources */ = {isa = PBXBuildFile; fileRef = 92654ACF1B2AEBEB00CFF248 /* selectCharacterViewController.m */; };
		92793D751B2C92AA007B9867 /* WelcomeViewController.m in Sources */ = {isa = PBXBuildFile; fileRef = 92793D741B2C92AA007B9867 /* WelcomeViewController.m */; };
/* End PBXBuildFile section */

/* Begin PBXContainerItemProxy section */
		92654AAD1B298F4100CFF248 /* PBXContainerItemProxy */ = {
			isa = PBXContainerItemProxy;
			containerPortal = 92654A8B1B298F4100CFF248 /* Project object */;
			proxyType = 1;
			remoteGlobalIDString = 92654A921B298F4100CFF248;
			remoteInfo = guagua;
		};
/* End PBXContainerItemProxy section */

/* Begin PBXFileReference section */
		92591A4A1B2FC65D0096C04F /* AudioToolbox.framework */ = {isa = PBXFileReference; lastKnownFileType = wrapper.framework; name = AudioToolbox.framework; path = System/Library/Frameworks/AudioToolbox.framework; sourceTree = SDKROOT; };
		92591A4F1B301F410096C04F /* girl_smile.wav */ = {isa = PBXFileReference; lastKnownFileType = audio.wav; path = girl_smile.wav; sourceTree = "<group>"; };
		92591A511B3020800096C04F /* shuqing.wav */ = {isa = PBXFileReference; lastKnownFileType = audio.wav; path = shuqing.wav; sourceTree = "<group>"; };
		92591A531B3020E40096C04F /* game1.mp3 */ = {isa = PBXFileReference; lastKnownFileType = audio.mp3; path = game1.mp3; sourceTree = "<group>"; };
		92591A541B3020E40096C04F /* game2.mp3 */ = {isa = PBXFileReference; lastKnownFileType = audio.mp3; path = game2.mp3; sourceTree = "<group>"; };
		92591A551B3020E40096C04F /* game3.mp3 */ = {isa = PBXFileReference; lastKnownFileType = audio.mp3; path = game3.mp3; sourceTree = "<group>"; };
		92591A561B3020E40096C04F /* game4.mp3 */ = {isa = PBXFileReference; lastKnownFileType = audio.mp3; path = game4.mp3; sourceTree = "<group>"; };
		92654A931B298F4100CFF248 /* guagua.app */ = {isa = PBXFileReference; explicitFileType = wrapper.application; includeInIndex = 0; path = guagua.app; sourceTree = BUILT_PRODUCTS_DIR; };
		92654A971B298F4100CFF248 /* Info.plist */ = {isa = PBXFileReference; lastKnownFileType = text.plist.xml; path = Info.plist; sourceTree = "<group>"; };
		92654A981B298F4100CFF248 /* main.m */ = {isa = PBXFileReference; lastKnownFileType = sourcecode.c.objc; path = main.m; sourceTree = "<group>"; };
		92654A9A1B298F4100CFF248 /* AppDelegate.h */ = {isa = PBXFileReference; lastKnownFileType = sourcecode.c.h; path = AppDelegate.h; sourceTree = "<group>"; };
		92654A9B1B298F4100CFF248 /* AppDelegate.m */ = {isa = PBXFileReference; lastKnownFileType = sourcecode.c.objc; path = AppDelegate.m; sourceTree = "<group>"; };
		92654A9D1B298F4100CFF248 /* MainController.h */ = {isa = PBXFileReference; lastKnownFileType = sourcecode.c.h; path = MainController.h; sourceTree = "<group>"; };
		92654A9E1B298F4100CFF248 /* MainController.m */ = {isa = PBXFileReference; lastKnownFileType = sourcecode.c.objc; path = MainController.m; sourceTree = "<group>"; };
		92654AA31B298F4100CFF248 /* Images.xcassets */ = {isa = PBXFileReference; lastKnownFileType = folder.assetcatalog; path = Images.xcassets; sourceTree = "<group>"; };
		92654AAC1B298F4100CFF248 /* guaguaTests.xctest */ = {isa = PBXFileReference; explicitFileType = wrapper.cfbundle; includeInIndex = 0; path = guaguaTests.xctest; sourceTree = BUILT_PRODUCTS_DIR; };
		92654AB11B298F4100CFF248 /* Info.plist */ = {isa = PBXFileReference; lastKnownFileType = text.plist.xml; path = Info.plist; sourceTree = "<group>"; };
		92654AB21B298F4100CFF248 /* guaguaTests.m */ = {isa = PBXFileReference; lastKnownFileType = sourcecode.c.objc; path = guaguaTests.m; sourceTree = "<group>"; };
		92654ABC1B298FB000CFF248 /* PLLScrathView.h */ = {isa = PBXFileReference; fileEncoding = 4; lastKnownFileType = sourcecode.c.h; path = PLLScrathView.h; sourceTree = "<group>"; };
		92654ABD1B298FB000CFF248 /* PLLScrathView.m */ = {isa = PBXFileReference; fileEncoding = 4; lastKnownFileType = sourcecode.c.objc; path = PLLScrathView.m; sourceTree = "<group>"; };
		92654AC01B29924800CFF248 /* Default-568h@2x.png */ = {isa = PBXFileReference; lastKnownFileType = image.png; path = "Default-568h@2x.png"; sourceTree = "<group>"; };
		92654AC11B29924800CFF248 /* Default.png */ = {isa = PBXFileReference; lastKnownFileType = image.png; path = Default.png; sourceTree = "<group>"; };
		92654AC21B29924800CFF248 /* Default@2x.png */ = {isa = PBXFileReference; lastKnownFileType = image.png; path = "Default@2x.png"; sourceTree = "<group>"; };
		92654AC61B29947200CFF248 /* guagua-Prefix.pch */ = {isa = PBXFileReference; lastKnownFileType = sourcecode.c.h; path = "guagua-Prefix.pch"; sourceTree = "<group>"; };
		92654ACB1B2ADF0700CFF248 /* MultiMutableArray.h */ = {isa = PBXFileReference; fileEncoding = 4; lastKnownFileType = sourcecode.c.h; path = MultiMutableArray.h; sourceTree = "<group>"; };
		92654ACC1B2ADF0700CFF248 /* MultiMutableArray.m */ = {isa = PBXFileReference; fileEncoding = 4; lastKnownFileType = sourcecode.c.objc; path = MultiMutableArray.m; sourceTree = "<group>"; };
		92654ACE1B2AEBEB00CFF248 /* selectCharacterViewController.h */ = {isa = PBXFileReference; fileEncoding = 4; lastKnownFileType = sourcecode.c.h; path = selectCharacterViewController.h; sourceTree = "<group>"; };
		92654ACF1B2AEBEB00CFF248 /* selectCharacterViewController.m */ = {isa = PBXFileReference; fileEncoding = 4; lastKnownFileType = sourcecode.c.objc; path = selectCharacterViewController.m; sourceTree = "<group>"; };
		92793D731B2C92AA007B9867 /* WelcomeViewController.h */ = {isa = PBXFileReference; fileEncoding = 4; lastKnownFileType = sourcecode.c.h; path = WelcomeViewController.h; sourceTree = "<group>"; };
		92793D741B2C92AA007B9867 /* WelcomeViewController.m */ = {isa = PBXFileReference; fileEncoding = 4; lastKnownFileType = sourcecode.c.objc; path = WelcomeViewController.m; sourceTree = "<group>"; };
/* End PBXFileReference section */

/* Begin PBXFrameworksBuildPhase section */
		92654A901B298F4100CFF248 /* Frameworks */ = {
			isa = PBXFrameworksBuildPhase;
			buildActionMask = 2147483647;
			files = (
				92591A4B1B2FC65D0096C04F /* AudioToolbox.framework in Frameworks */,
			);
			runOnlyForDeploymentPostprocessing = 0;
		};
		92654AA91B298F4100CFF248 /* Frameworks */ = {
			isa = PBXFrameworksBuildPhase;
			buildActionMask = 2147483647;
			files = (
			);
			runOnlyForDeploymentPostprocessing = 0;
		};
/* End PBXFrameworksBuildPhase section */

/* Begin PBXGroup section */
		92591A4C1B2FCF1D0096C04F /* sound */ = {
			isa = PBXGroup;
			children = (
				92591A531B3020E40096C04F /* game1.mp3 */,
				92591A541B3020E40096C04F /* game2.mp3 */,
				92591A551B3020E40096C04F /* game3.mp3 */,
				92591A561B3020E40096C04F /* game4.mp3 */,
				92591A511B3020800096C04F /* shuqing.wav */,
				92591A4F1B301F410096C04F /* girl_smile.wav */,
			);
			path = sound;
			sourceTree = "<group>";
		};
		92654A8A1B298F4100CFF248 = {
			isa = PBXGroup;
			children = (
				92591A4A1B2FC65D0096C04F /* AudioToolbox.framework */,
				92654A951B298F4100CFF248 /* guagua */,
				92654AAF1B298F4100CFF248 /* guaguaTests */,
				92654A941B298F4100CFF248 /* Products */,
			);
			sourceTree = "<group>";
		};
		92654A941B298F4100CFF248 /* Products */ = {
			isa = PBXGroup;
			children = (
				92654A931B298F4100CFF248 /* guagua.app */,
				92654AAC1B298F4100CFF248 /* guaguaTests.xctest */,
			);
			name = Products;
			sourceTree = "<group>";
		};
		92654A951B298F4100CFF248 /* guagua */ = {
			isa = PBXGroup;
			children = (
				92591A4C1B2FCF1D0096C04F /* sound */,
				92654A9A1B298F4100CFF248 /* AppDelegate.h */,
				92654A9B1B298F4100CFF248 /* AppDelegate.m */,
				92654A9D1B298F4100CFF248 /* MainController.h */,
				92654A9E1B298F4100CFF248 /* MainController.m */,
				92654AA31B298F4100CFF248 /* Images.xcassets */,
				92654A961B298F4100CFF248 /* Supporting Files */,
				92654ABC1B298FB000CFF248 /* PLLScrathView.h */,
				92654ABD1B298FB000CFF248 /* PLLScrathView.m */,
				92654ACB1B2ADF0700CFF248 /* MultiMutableArray.h */,
				92654ACC1B2ADF0700CFF248 /* MultiMutableArray.m */,
				92654ACE1B2AEBEB00CFF248 /* selectCharacterViewController.h */,
				92654ACF1B2AEBEB00CFF248 /* selectCharacterViewController.m */,
				92793D731B2C92AA007B9867 /* WelcomeViewController.h */,
				92793D741B2C92AA007B9867 /* WelcomeViewController.m */,
			);
			path = guagua;
			sourceTree = "<group>";
		};
		92654A961B298F4100CFF248 /* Supporting Files */ = {
			isa = PBXGroup;
			children = (
				92654AC01B29924800CFF248 /* Default-568h@2x.png */,
				92654AC11B29924800CFF248 /* Default.png */,
				92654AC21B29924800CFF248 /* Default@2x.png */,
				92654A971B298F4100CFF248 /* Info.plist */,
				92654A981B298F4100CFF248 /* main.m */,
				92654AC61B29947200CFF248 /* guagua-Prefix.pch */,
			);
			name = "Supporting Files";
			sourceTree = "<group>";
		};
		92654AAF1B298F4100CFF248 /* guaguaTests */ = {
			isa = PBXGroup;
			children = (
				92654AB21B298F4100CFF248 /* guaguaTests.m */,
				92654AB01B298F4100CFF248 /* Supporting Files */,
			);
			path = guaguaTests;
			sourceTree = "<group>";
		};
		92654AB01B298F4100CFF248 /* Supporting Files */ = {
			isa = PBXGroup;
			children = (
				92654AB11B298F4100CFF248 /* Info.plist */,
			);
			name = "Supporting Files";
			sourceTree = "<group>";
		};
/* End PBXGroup section */

/* Begin PBXNativeTarget section */
		92654A921B298F4100CFF248 /* guagua */ = {
			isa = PBXNativeTarget;
			buildConfigurationList = 92654AB61B298F4100CFF248 /* Build configuration list for PBXNativeTarget "guagua" */;
			buildPhases = (
				92654A8F1B298F4100CFF248 /* Sources */,
				92654A901B298F4100CFF248 /* Frameworks */,
				92654A911B298F4100CFF248 /* Resources */,
			);
			buildRules = (
			);
			dependencies = (
			);
			name = guagua;
			productName = guagua;
			productReference = 92654A931B298F4100CFF248 /* guagua.app */;
			productType = "com.apple.product-type.application";
		};
		92654AAB1B298F4100CFF248 /* guaguaTests */ = {
			isa = PBXNativeTarget;
			buildConfigurationList = 92654AB91B298F4100CFF248 /* Build configuration list for PBXNativeTarget "guaguaTests" */;
			buildPhases = (
				92654AA81B298F4100CFF248 /* Sources */,
				92654AA91B298F4100CFF248 /* Frameworks */,
				92654AAA1B298F4100CFF248 /* Resources */,
			);
			buildRules = (
			);
			dependencies = (
				92654AAE1B298F4100CFF248 /* PBXTargetDependency */,
			);
			name = guaguaTests;
			productName = guaguaTests;
			productReference = 92654AAC1B298F4100CFF248 /* guaguaTests.xctest */;
			productType = "com.apple.product-type.bundle.unit-test";
		};
/* End PBXNativeTarget section */

/* Begin PBXProject section */
		92654A8B1B298F4100CFF248 /* Project object */ = {
			isa = PBXProject;
			attributes = {
				LastUpgradeCheck = 0630;
				ORGANIZATIONNAME = leeway;
				TargetAttributes = {
					92654A921B298F4100CFF248 = {
						CreatedOnToolsVersion = 6.3.1;
					};
					92654AAB1B298F4100CFF248 = {
						CreatedOnToolsVersion = 6.3.1;
						TestTargetID = 92654A921B298F4100CFF248;
					};
				};
			};
			buildConfigurationList = 92654A8E1B298F4100CFF248 /* Build configuration list for PBXProject "guagua" */;
			compatibilityVersion = "Xcode 3.2";
			developmentRegion = English;
			hasScannedForEncodings = 0;
			knownRegions = (
				en,
				Base,
			);
			mainGroup = 92654A8A1B298F4100CFF248;
			productRefGroup = 92654A941B298F4100CFF248 /* Products */;
			projectDirPath = "";
			projectRoot = "";
			targets = (
				92654A921B298F4100CFF248 /* guagua */,
				92654AAB1B298F4100CFF248 /* guaguaTests */,
			);
		};
/* End PBXProject section */

/* Begin PBXResourcesBuildPhase section */
		92654A911B298F4100CFF248 /* Resources */ = {
			isa = PBXResourcesBuildPhase;
			buildActionMask = 2147483647;
			files = (
				92591A571B3020E40096C04F /* game1.mp3 in Resources */,
				92591A591B3020E40096C04F /* game3.mp3 in Resources */,
				92654AC51B29924800CFF248 /* Default@2x.png in Resources */,
				92654AA41B298F4100CFF248 /* Images.xcassets in Resources */,
				92591A581B3020E40096C04F /* game2.mp3 in Resources */,
				92591A501B301F410096C04F /* girl_smile.wav in Resources */,
				92654AC41B29924800CFF248 /* Default.png in Resources */,
				92654AC31B29924800CFF248 /* Default-568h@2x.png in Resources */,
				92591A521B3020800096C04F /* shuqing.wav in Resources */,
				92591A5A1B3020E40096C04F /* game4.mp3 in Resources */,
			);
			runOnlyForDeploymentPostprocessing = 0;
		};
		92654AAA1B298F4100CFF248 /* Resources */ = {
			isa = PBXResourcesBuildPhase;
			buildActionMask = 2147483647;
			files = (
			);
			runOnlyForDeploymentPostprocessing = 0;
		};
/* End PBXResourcesBuildPhase section */

/* Begin PBXSourcesBuildPhase section */
		92654A8F1B298F4100CFF248 /* Sources */ = {
			isa = PBXSourcesBuildPhase;
			buildActionMask = 2147483647;
			files = (
				92654A9F1B298F4100CFF248 /* MainController.m in Sources */,
				92654A9C1B298F4100CFF248 /* AppDelegate.m in Sources */,
				92654ABE1B298FB000CFF248 /* PLLScrathView.m in Sources */,
				92654ACD1B2ADF0700CFF248 /* MultiMutableArray.m in Sources */,
				92654AD01B2AEBEB00CFF248 /* selectCharacterViewController.m in Sources */,
				92793D751B2C92AA007B9867 /* WelcomeViewController.m in Sources */,
				92654A991B298F4100CFF248 /* main.m in Sources */,
			);
			runOnlyForDeploymentPostprocessing = 0;
		};
		92654AA81B298F4100CFF248 /* Sources */ = {
			isa = PBXSourcesBuildPhase;
			buildActionMask = 2147483647;
			files = (
				92654AB31B298F4100CFF248 /* guaguaTests.m in Sources */,
			);
			runOnlyForDeploymentPostprocessing = 0;
		};
/* End PBXSourcesBuildPhase section */

/* Begin PBXTargetDependency section */
		92654AAE1B298F4100CFF248 /* PBXTargetDependency */ = {
			isa = PBXTargetDependency;
			target = 92654A921B298F4100CFF248 /* guagua */;
			targetProxy = 92654AAD1B298F4100CFF248 /* PBXContainerItemProxy */;
		};
/* End PBXTargetDependency section */

/* Begin XCBuildConfiguration section */
		92654AB41B298F4100CFF248 /* Debug */ = {
			isa = XCBuildConfiguration;
			buildSettings = {
				ALWAYS_SEARCH_USER_PATHS = NO;
				CLANG_CXX_LANGUAGE_STANDARD = "gnu++0x";
				CLANG_CXX_LIBRARY = "libc++";
				CLANG_ENABLE_MODULES = YES;
				CLANG_ENABLE_OBJC_ARC = YES;
				CLANG_WARN_BOOL_CONVERSION = YES;
				CLANG_WARN_CONSTANT_CONVERSION = YES;
				CLANG_WARN_DIRECT_OBJC_ISA_USAGE = YES_ERROR;
				CLANG_WARN_EMPTY_BODY = YES;
				CLANG_WARN_ENUM_CONVERSION = YES;
				CLANG_WARN_INT_CONVERSION = YES;
				CLANG_WARN_OBJC_ROOT_CLASS = YES_ERROR;
				CLANG_WARN_UNREACHABLE_CODE = YES;
				CLANG_WARN__DUPLICATE_METHOD_MATCH = YES;
				"CODE_SIGN_IDENTITY[sdk=iphoneos*]" = "iPhone Developer";
				COPY_PHASE_STRIP = NO;
				DEBUG_INFORMATION_FORMAT = "dwarf-with-dsym";
				ENABLE_STRICT_OBJC_MSGSEND = YES;
				GCC_C_LANGUAGE_STANDARD = gnu99;
				GCC_DYNAMIC_NO_PIC = NO;
				GCC_NO_COMMON_BLOCKS = YES;
				GCC_OPTIMIZATION_LEVEL = 0;
				GCC_PREPROCESSOR_DEFINITIONS = (
					"DEBUG=1",
					"$(inherited)",
				);
				GCC_SYMBOLS_PRIVATE_EXTERN = NO;
				GCC_WARN_64_TO_32_BIT_CONVERSION = YES;
				GCC_WARN_ABOUT_RETURN_TYPE = YES_ERROR;
				GCC_WARN_UNDECLARED_SELECTOR = YES;
				GCC_WARN_UNINITIALIZED_AUTOS = YES_AGGRESSIVE;
				GCC_WARN_UNUSED_FUNCTION = YES;
				GCC_WARN_UNUSED_VARIABLE = YES;
				IPHONEOS_DEPLOYMENT_TARGET = 8.3;
				MTL_ENABLE_DEBUG_INFO = YES;
				ONLY_ACTIVE_ARCH = YES;
				SDKROOT = iphoneos;
			};
			name = Debug;
		};
		92654AB51B298F4100CFF248 /* Release */ = {
			isa = XCBuildConfiguration;
			buildSettings = {
				ALWAYS_SEARCH_USER_PATHS = NO;
				CLANG_CXX_LANGUAGE_STANDARD = "gnu++0x";
				CLANG_CXX_LIBRARY = "libc++";
				CLANG_ENABLE_MODULES = YES;
				CLANG_ENABLE_OBJC_ARC = YES;
				CLANG_WARN_BOOL_CONVERSION = YES;
				CLANG_WARN_CONSTANT_CONVERSION = YES;
				CLANG_WARN_DIRECT_OBJC_ISA_USAGE = YES_ERROR;
				CLANG_WARN_EMPTY_BODY = YES;
				CLANG_WARN_ENUM_CONVERSION = YES;
				CLANG_WARN_INT_CONVERSION = YES;
				CLANG_WARN_OBJC_ROOT_CLASS = YES_ERROR;
				CLANG_WARN_UNREACHABLE_CODE = YES;
				CLANG_WARN__DUPLICATE_METHOD_MATCH = YES;
				"CODE_SIGN_IDENTITY[sdk=iphoneos*]" = "iPhone Developer";
				COPY_PHASE_STRIP = NO;
				DEBUG_INFORMATION_FORMAT = "dwarf-with-dsym";
				ENABLE_NS_ASSERTIONS = NO;
				ENABLE_STRICT_OBJC_MSGSEND = YES;
				GCC_C_LANGUAGE_STANDARD = gnu99;
				GCC_NO_COMMON_BLOCKS = YES;
				GCC_WARN_64_TO_32_BIT_CONVERSION = YES;
				GCC_WARN_ABOUT_RETURN_TYPE = YES_ERROR;
				GCC_WARN_UNDECLARED_SELECTOR = YES;
				GCC_WARN_UNINITIALIZED_AUTOS = YES_AGGRESSIVE;
				GCC_WARN_UNUSED_FUNCTION = YES;
				GCC_WARN_UNUSED_VARIABLE = YES;
				IPHONEOS_DEPLOYMENT_TARGET = 8.3;
				MTL_ENABLE_DEBUG_INFO = NO;
				SDKROOT = iphoneos;
				VALIDATE_PRODUCT = YES;
			};
			name = Release;
		};
		92654AB71B298F4100CFF248 /* Debug */ = {
			isa = XCBuildConfiguration;
			buildSettings = {
				ASSETCATALOG_COMPILER_APPICON_NAME = AppIcon;
				GCC_PRECOMPILE_PREFIX_HEADER = YES;
				GCC_PREFIX_HEADER = "guagua/guagua-Prefix.pch";
				INFOPLIST_FILE = guagua/Info.plist;
				LD_RUNPATH_SEARCH_PATHS = "$(inherited) @executable_path/Frameworks";
				PRODUCT_NAME = "$(TARGET_NAME)";
			};
			name = Debug;
		};
		92654AB81B298F4100CFF248 /* Release */ = {
			isa = XCBuildConfiguration;
			buildSettings = {
				ASSETCATALOG_COMPILER_APPICON_NAME = AppIcon;
				GCC_PRECOMPILE_PREFIX_HEADER = YES;
				GCC_PREFIX_HEADER = "guagua/guagua-Prefix.pch";
				INFOPLIST_FILE = guagua/Info.plist;
				LD_RUNPATH_SEARCH_PATHS = "$(inherited) @executable_path/Frameworks";
				PRODUCT_NAME = "$(TARGET_NAME)";
			};
			name = Release;
		};
		92654ABA1B298F4100CFF248 /* Debug */ = {
			isa = XCBuildConfiguration;
			buildSettings = {
				BUNDLE_LOADER = "$(TEST_HOST)";
				FRAMEWORK_SEARCH_PATHS = (
					"$(SDKROOT)/Developer/Library/Frameworks",
					"$(inherited)",
				);
				GCC_PREPROCESSOR_DEFINITIONS = (
					"DEBUG=1",
					"$(inherited)",
				);
				INFOPLIST_FILE = guaguaTests/Info.plist;
				LD_RUNPATH_SEARCH_PATHS = "$(inherited) @executable_path/Frameworks @loader_path/Frameworks";
				PRODUCT_NAME = "$(TARGET_NAME)";
				TEST_HOST = "$(BUILT_PRODUCTS_DIR)/guagua.app/guagua";
			};
			name = Debug;
		};
		92654ABB1B298F4100CFF248 /* Release */ = {
			isa = XCBuildConfiguration;
			buildSettings = {
				BUNDLE_LOADER = "$(TEST_HOST)";
				FRAMEWORK_SEARCH_PATHS = (
					"$(SDKROOT)/Developer/Library/Frameworks",
					"$(inherited)",
				);
				INFOPLIST_FILE = guaguaTests/Info.plist;
				LD_RUNPATH_SEARCH_PATHS = "$(inherited) @executable_path/Frameworks @loader_path/Frameworks";
				PRODUCT_NAME = "$(TARGET_NAME)";
				TEST_HOST = "$(BUILT_PRODUCTS_DIR)/guagua.app/guagua";
			};
			name = Release;
		};
/* End XCBuildConfiguration section */

/* Begin XCConfigurationList section */
		92654A8E1B298F4100CFF248 /* Build configuration list for PBXProject "guagua" */ = {
			isa = XCConfigurationList;
			buildConfigurations = (
				92654AB41B298F4100CFF248 /* Debug */,
				92654AB51B298F4100CFF248 /* Release */,
			);
			defaultConfigurationIsVisible = 0;
			defaultConfigurationName = Release;
		};
		92654AB61B298F4100CFF248 /* Build configuration list for PBXNativeTarget "guagua" */ = {
			isa = XCConfigurationList;
			buildConfigurations = (
				92654AB71B298F4100CFF248 /* Debug */,
				92654AB81B298F4100CFF248 /* Release */,
			);
			defaultConfigurationIsVisible = 0;
			defaultConfigurationName = Release;
		};
		92654AB91B298F4100CFF248 /* Build configuration list for PBXNativeTarget "guaguaTests" */ = {
			isa = XCConfigurationList;
			buildConfigurations = (
				92654ABA1B298F4100CFF248 /* Debug */,
				92654ABB1B298F4100CFF248 /* Release */,
			);
			defaultConfigurationIsVisible = 0;
			defaultConfigurationName = Release;
		};
/* End XCConfigurationList section */
	};
	rootObject = 92654A8B1B298F4100CFF248 /* Project object */;
}
